// !$*UTF8*$!
{
	archiveVersion = 1;
	classes = {
	};
	objectVersion = 77;
	objects = {

/* Begin PBXBuildFile section */
		F763FAC89F28BCB28366708F /* Pods_RequestDemo.framework in Frameworks */ = {isa = PBXBuildFile; fileRef = 507AC9322AA885FE80A17668 /* Pods_RequestDemo.framework */; };
/* End PBXBuildFile section */

/* Begin PBXContainerItemProxy section */
		1BC370942DA3A3CD0025AAE3 /* PBXContainerItemProxy */ = {
			isa = PBXContainerItemProxy;
			containerPortal = 1BC3707E2DA3A3CB0025AAE3 /* Project object */;
			proxyType = 1;
			remoteGlobalIDString = 1BC370852DA3A3CB0025AAE3;
			remoteInfo = RequestDemo;
		};
		1BC3709E2DA3A3CD0025AAE3 /* PBXContainerItemProxy */ = {
			isa = PBXContainerItemProxy;
			containerPortal = 1BC3707E2DA3A3CB0025AAE3 /* Project object */;
			proxyType = 1;
			remoteGlobalIDString = 1BC370852DA3A3CB0025AAE3;
			remoteInfo = RequestDemo;
		};
/* End PBXContainerItemProxy section */

/* Begin PBXFileReference section */
		17EBA13AC8B48F4A34AD83DC /* Pods-RequestDemo.release.xcconfig */ = {isa = PBXFileReference; includeInIndex = 1; lastKnownFileType = text.xcconfig; name = "Pods-RequestDemo.release.xcconfig"; path = "Target Support Files/Pods-RequestDemo/Pods-RequestDemo.release.xcconfig"; sourceTree = "<group>"; };
		1BC370862DA3A3CB0025AAE3 /* RequestDemo.app */ = {isa = PBXFileReference; explicitFileType = wrapper.application; includeInIndex = 0; path = RequestDemo.app; sourceTree = BUILT_PRODUCTS_DIR; };
		1BC370932DA3A3CD0025AAE3 /* RequestDemoTests.xctest */ = {isa = PBXFileReference; explicitFileType = wrapper.cfbundle; includeInIndex = 0; path = RequestDemoTests.xctest; sourceTree = BUILT_PRODUCTS_DIR; };
		1BC3709D2DA3A3CD0025AAE3 /* RequestDemoUITests.xctest */ = {isa = PBXFileReference; explicitFileType = wrapper.cfbundle; includeInIndex = 0; path = RequestDemoUITests.xctest; sourceTree = BUILT_PRODUCTS_DIR; };
		507AC9322AA885FE80A17668 /* Pods_RequestDemo.framework */ = {isa = PBXFileReference; explicitFileType = wrapper.framework; includeInIndex = 0; path = Pods_RequestDemo.framework; sourceTree = BUILT_PRODUCTS_DIR; };
		C1A86661EB144F9401D46F8A /* Pods-RequestDemo.debug.xcconfig */ = {isa = PBXFileReference; includeInIndex = 1; lastKnownFileType = text.xcconfig; name = "Pods-RequestDemo.debug.xcconfig"; path = "Target Support Files/Pods-RequestDemo/Pods-RequestDemo.debug.xcconfig"; sourceTree = "<group>"; };
/* End PBXFileReference section */

/* Begin PBXFileSystemSynchronizedBuildFileExceptionSet section */
		1B54BAE32DA4D49A009060A2 /* Exceptions for "RequestDemo" folder in "RequestDemo" target */ = {
			isa = PBXFileSystemSynchronizedBuildFileExceptionSet;
			membershipExceptions = (
				Info.plist,
			);
			target = 1BC370852DA3A3CB0025AAE3 /* RequestDemo */;
		};
/* End PBXFileSystemSynchronizedBuildFileExceptionSet section */

/* Begin PBXFileSystemSynchronizedRootGroup section */
		1BC370882DA3A3CB0025AAE3 /* RequestDemo */ = {
			isa = PBXFileSystemSynchronizedRootGroup;
			exceptions = (
				1B54BAE32DA4D49A009060A2 /* Exceptions for "RequestDemo" folder in "RequestDemo" target */,
			);
			path = RequestDemo;
			sourceTree = "<group>";
		};
		1BC370962DA3A3CD0025AAE3 /* RequestDemoTests */ = {
			isa = PBXFileSystemSynchronizedRootGroup;
			path = RequestDemoTests;
			sourceTree = "<group>";
		};
		1BC370A02DA3A3CD0025AAE3 /* RequestDemoUITests */ = {
			isa = PBXFileSystemSynchronizedRootGroup;
			path = RequestDemoUITests;
			sourceTree = "<group>";
		};
/* End PBXFileSystemSynchronizedRootGroup section */

/* Begin PBXFrameworksBuildPhase section */
		1BC370832DA3A3CB0025AAE3 /* Frameworks */ = {
			isa = PBXFrameworksBuildPhase;
			buildActionMask = 2147483647;
			files = (
				F763FAC89F28BCB28366708F /* Pods_RequestDemo.framework in Frameworks */,
			);
			runOnlyForDeploymentPostprocessing = 0;
		};
		1BC370902DA3A3CD0025AAE3 /* Frameworks */ = {
			isa = PBXFrameworksBuildPhase;
			buildActionMask = 2147483647;
			files = (
			);
			runOnlyForDeploymentPostprocessing = 0;
		};
		1BC3709A2DA3A3CD0025AAE3 /* Frameworks */ = {
			isa = PBXFrameworksBuildPhase;
			buildActionMask = 2147483647;
			files = (
			);
			runOnlyForDeploymentPostprocessing = 0;
		};
/* End PBXFrameworksBuildPhase section */

/* Begin PBXGroup section */
		1BC3707D2DA3A3CB0025AAE3 = {
			isa = PBXGroup;
			children = (
				1BC370882DA3A3CB0025AAE3 /* RequestDemo */,
				1BC370962DA3A3CD0025AAE3 /* RequestDemoTests */,
				1BC370A02DA3A3CD0025AAE3 /* RequestDemoUITests */,
				1BC370872DA3A3CB0025AAE3 /* Products */,
				5B2BDF37A10B7D466162A3F5 /* Pods */,
				F99BB2F679E987E2E6B14445 /* Frameworks */,
			);
			sourceTree = "<group>";
		};
		1BC370872DA3A3CB0025AAE3 /* Products */ = {
			isa = PBXGroup;
			children = (
				1BC370862DA3A3CB0025AAE3 /* RequestDemo.app */,
				1BC370932DA3A3CD0025AAE3 /* RequestDemoTests.xctest */,
				1BC3709D2DA3A3CD0025AAE3 /* RequestDemoUITests.xctest */,
			);
			name = Products;
			sourceTree = "<group>";
		};
		5B2BDF37A10B7D466162A3F5 /* Pods */ = {
			isa = PBXGroup;
			children = (
				C1A86661EB144F9401D46F8A /* Pods-RequestDemo.debug.xcconfig */,
				17EBA13AC8B48F4A34AD83DC /* Pods-RequestDemo.release.xcconfig */,
			);
			path = Pods;
			sourceTree = "<group>";
		};
		F99BB2F679E987E2E6B14445 /* Frameworks */ = {
			isa = PBXGroup;
			children = (
				507AC9322AA885FE80A17668 /* Pods_RequestDemo.framework */,
			);
			name = Frameworks;
			sourceTree = "<group>";
		};
/* End PBXGroup section */

/* Begin PBXNativeTarget section */
		1BC370852DA3A3CB0025AAE3 /* RequestDemo */ = {
			isa = PBXNativeTarget;
			buildConfigurationList = 1BC370A72DA3A3CD0025AAE3 /* Build configuration list for PBXNativeTarget "RequestDemo" */;
			buildPhases = (
				3C21E6B4E8792CDE4955A383 /* [CP] Check Pods Manifest.lock */,
				1BC370822DA3A3CB0025AAE3 /* Sources */,
				1BC370832DA3A3CB0025AAE3 /* Frameworks */,
				1BC370842DA3A3CB0025AAE3 /* Resources */,
				61315C8D85AC8D47A92BFFE4 /* [CP] Embed Pods Frameworks */,
			);
			buildRules = (
			);
			dependencies = (
			);
			fileSystemSynchronizedGroups = (
				1BC370882DA3A3CB0025AAE3 /* RequestDemo */,
			);
			name = RequestDemo;
			productName = RequestDemo;
			productReference = 1BC370862DA3A3CB0025AAE3 /* RequestDemo.app */;
			productType = "com.apple.product-type.application";
		};
		1BC370922DA3A3CD0025AAE3 /* RequestDemoTests */ = {
			isa = PBXNativeTarget;
			buildConfigurationList = 1BC370AA2DA3A3CD0025AAE3 /* Build configuration list for PBXNativeTarget "RequestDemoTests" */;
			buildPhases = (
				1BC3708F2DA3A3CD0025AAE3 /* Sources */,
				1BC370902DA3A3CD0025AAE3 /* Frameworks */,
				1BC370912DA3A3CD0025AAE3 /* Resources */,
			);
			buildRules = (
			);
			dependencies = (
				1BC370952DA3A3CD0025AAE3 /* PBXTargetDependency */,
			);
			fileSystemSynchronizedGroups = (
				1BC370962DA3A3CD0025AAE3 /* RequestDemoTests */,
			);
			name = RequestDemoTests;
			productName = RequestDemoTests;
			productReference = 1BC370932DA3A3CD0025AAE3 /* RequestDemoTests.xctest */;
			productType = "com.apple.product-type.bundle.unit-test";
		};
		1BC3709C2DA3A3CD0025AAE3 /* RequestDemoUITests */ = {
			isa = PBXNativeTarget;
			buildConfigurationList = 1BC370AD2DA3A3CD0025AAE3 /* Build configuration list for PBXNativeTarget "RequestDemoUITests" */;
			buildPhases = (
				1BC370992DA3A3CD0025AAE3 /* Sources */,
				1BC3709A2DA3A3CD0025AAE3 /* Frameworks */,
				1BC3709B2DA3A3CD0025AAE3 /* Resources */,
			);
			buildRules = (
			);
			dependencies = (
				1BC3709F2DA3A3CD0025AAE3 /* PBXTargetDependency */,
			);
			fileSystemSynchronizedGroups = (
				1BC370A02DA3A3CD0025AAE3 /* RequestDemoUITests */,
			);
			name = RequestDemoUITests;
			productName = RequestDemoUITests;
			productReference = 1BC3709D2DA3A3CD0025AAE3 /* RequestDemoUITests.xctest */;
			productType = "com.apple.product-type.bundle.ui-testing";
		};
/* End PBXNativeTarget section */

/* Begin PBXProject section */
		1BC3707E2DA3A3CB0025AAE3 /* Project object */ = {
			isa = PBXProject;
			attributes = {
				BuildIndependentTargetsInParallel = 1;
				LastSwiftUpdateCheck = 1630;
				LastUpgradeCheck = 1630;
				TargetAttributes = {
					1BC370852DA3A3CB0025AAE3 = {
						CreatedOnToolsVersion = 16.3;
					};
					1BC370922DA3A3CD0025AAE3 = {
						CreatedOnToolsVersion = 16.3;
						TestTargetID = 1BC370852DA3A3CB0025AAE3;
					};
					1BC3709C2DA3A3CD0025AAE3 = {
						CreatedOnToolsVersion = 16.3;
						TestTargetID = 1BC370852DA3A3CB0025AAE3;
					};
				};
			};
			buildConfigurationList = 1BC370812DA3A3CB0025AAE3 /* Build configuration list for PBXProject "RequestDemo" */;
			developmentRegion = en;
			hasScannedForEncodings = 0;
			knownRegions = (
				en,
				Base,
			);
			mainGroup = 1BC3707D2DA3A3CB0025AAE3;
			minimizedProjectReferenceProxies = 1;
			preferredProjectObjectVersion = 77;
			productRefGroup = 1BC370872DA3A3CB0025AAE3 /* Products */;
			projectDirPath = "";
			projectRoot = "";
			targets = (
				1BC370852DA3A3CB0025AAE3 /* RequestDemo */,
				1BC370922DA3A3CD0025AAE3 /* RequestDemoTests */,
				1BC3709C2DA3A3CD0025AAE3 /* RequestDemoUITests */,
			);
		};
/* End PBXProject section */

/* Begin PBXResourcesBuildPhase section */
		1BC370842DA3A3CB0025AAE3 /* Resources */ = {
			isa = PBXResourcesBuildPhase;
			buildActionMask = 2147483647;
			files = (
			);
			runOnlyForDeploymentPostprocessing = 0;
		};
		1BC370912DA3A3CD0025AAE3 /* Resources */ = {
			isa = PBXResourcesBuildPhase;
			buildActionMask = 2147483647;
			files = (
			);
			runOnlyForDeploymentPostprocessing = 0;
		};
		1BC3709B2DA3A3CD0025AAE3 /* Resources */ = {
			isa = PBXResourcesBuildPhase;
			buildActionMask = 2147483647;
			files = (
			);
			runOnlyForDeploymentPostprocessing = 0;
		};
/* End PBXResourcesBuildPhase section */

/* Begin PBXShellScriptBuildPhase section */
		3C21E6B4E8792CDE4955A383 /* [CP] Check Pods Manifest.lock */ = {
			isa = PBXShellScriptBuildPhase;
			buildActionMask = 2147483647;
			files = (
			);
			inputFileListPaths = (
			);
			inputPaths = (
				"${PODS_PODFILE_DIR_PATH}/Podfile.lock",
				"${PODS_ROOT}/Manifest.lock",
			);
			name = "[CP] Check Pods Manifest.lock";
			outputFileListPaths = (
			);
			outputPaths = (
				"$(DERIVED_FILE_DIR)/Pods-RequestDemo-checkManifestLockResult.txt",
			);
			runOnlyForDeploymentPostprocessing = 0;
			shellPath = /bin/sh;
			shellScript = "diff \"${PODS_PODFILE_DIR_PATH}/Podfile.lock\" \"${PODS_ROOT}/Manifest.lock\" > /dev/null\nif [ $? != 0 ] ; then\n    # print error to STDERR\n    echo \"error: The sandbox is not in sync with the Podfile.lock. Run 'pod install' or update your CocoaPods installation.\" >&2\n    exit 1\nfi\n# This output is used by Xcode 'outputs' to avoid re-running this script phase.\necho \"SUCCESS\" > \"${SCRIPT_OUTPUT_FILE_0}\"\n";
			showEnvVarsInLog = 0;
		};
		61315C8D85AC8D47A92BFFE4 /* [CP] Embed Pods Frameworks */ = {
			isa = PBXShellScriptBuildPhase;
			buildActionMask = 2147483647;
			files = (
			);
			inputFileListPaths = (
				"${PODS_ROOT}/Target Support Files/Pods-RequestDemo/Pods-RequestDemo-frameworks-${CONFIGURATION}-input-files.xcfilelist",
			);
			inputPaths = (
			);
			name = "[CP] Embed Pods Frameworks";
			outputFileListPaths = (
				"${PODS_ROOT}/Target Support Files/Pods-RequestDemo/Pods-RequestDemo-frameworks-${CONFIGURATION}-output-files.xcfilelist",
			);
			outputPaths = (
			);
			runOnlyForDeploymentPostprocessing = 0;
			shellPath = /bin/sh;
			shellScript = "\"${PODS_ROOT}/Target Support Files/Pods-RequestDemo/Pods-RequestDemo-frameworks.sh\"\n";
			showEnvVarsInLog = 0;
		};
/* End PBXShellScriptBuildPhase section */

/* Begin PBXSourcesBuildPhase section */
		1BC370822DA3A3CB0025AAE3 /* Sources */ = {
			isa = PBXSourcesBuildPhase;
			buildActionMask = 2147483647;
			files = (
			);
			runOnlyForDeploymentPostprocessing = 0;
		};
		1BC3708F2DA3A3CD0025AAE3 /* Sources */ = {
			isa = PBXSourcesBuildPhase;
			buildActionMask = 2147483647;
			files = (
			);
			runOnlyForDeploymentPostprocessing = 0;
		};
		1BC370992DA3A3CD0025AAE3 /* Sources */ = {
			isa = PBXSourcesBuildPhase;
			buildActionMask = 2147483647;
			files = (
			);
			runOnlyForDeploymentPostprocessing = 0;
		};
/* End PBXSourcesBuildPhase section */

/* Begin PBXTargetDependency section */
		1BC370952DA3A3CD0025AAE3 /* PBXTargetDependency */ = {
			isa = PBXTargetDependency;
			target = 1BC370852DA3A3CB0025AAE3 /* RequestDemo */;
			targetProxy = 1BC370942DA3A3CD0025AAE3 /* PBXContainerItemProxy */;
		};
		1BC3709F2DA3A3CD0025AAE3 /* PBXTargetDependency */ = {
			isa = PBXTargetDependency;
			target = 1BC370852DA3A3CB0025AAE3 /* RequestDemo */;
			targetProxy = 1BC3709E2DA3A3CD0025AAE3 /* PBXContainerItemProxy */;
		};
/* End PBXTargetDependency section */

/* Begin XCBuildConfiguration section */
		1BC370A52DA3A3CD0025AAE3 /* Debug */ = {
			isa = XCBuildConfiguration;
			buildSettings = {
				ALWAYS_SEARCH_USER_PATHS = NO;
				ASSETCATALOG_COMPILER_GENERATE_SWIFT_ASSET_SYMBOL_EXTENSIONS = YES;
				CLANG_ANALYZER_NONNULL = YES;
				CLANG_ANALYZER_NUMBER_OBJECT_CONVERSION = YES_AGGRESSIVE;
				CLANG_CXX_LANGUAGE_STANDARD = "gnu++20";
				CLANG_ENABLE_MODULES = YES;
				CLANG_ENABLE_OBJC_ARC = YES;
				CLANG_ENABLE_OBJC_WEAK = YES;
				CLANG_WARN_BLOCK_CAPTURE_AUTORELEASING = YES;
				CLANG_WARN_BOOL_CONVERSION = YES;
				CLANG_WARN_COMMA = YES;
				CLANG_WARN_CONSTANT_CONVERSION = YES;
				CLANG_WARN_DEPRECATED_OBJC_IMPLEMENTATIONS = YES;
				CLANG_WARN_DIRECT_OBJC_ISA_USAGE = YES_ERROR;
				CLANG_WARN_DOCUMENTATION_COMMENTS = YES;
				CLANG_WARN_EMPTY_BODY = YES;
				CLANG_WARN_ENUM_CONVERSION = YES;
				CLANG_WARN_INFINITE_RECURSION = YES;
				CLANG_WARN_INT_CONVERSION = YES;
				CLANG_WARN_NON_LITERAL_NULL_CONVERSION = YES;
				CLANG_WARN_OBJC_IMPLICIT_RETAIN_SELF = YES;
				CLANG_WARN_OBJC_LITERAL_CONVERSION = YES;
				CLANG_WARN_OBJC_ROOT_CLASS = YES_ERROR;
				CLANG_WARN_QUOTED_INCLUDE_IN_FRAMEWORK_HEADER = YES;
				CLANG_WARN_RANGE_LOOP_ANALYSIS = YES;
				CLANG_WARN_STRICT_PROTOTYPES = YES;
				CLANG_WARN_SUSPICIOUS_MOVE = YES;
				CLANG_WARN_UNGUARDED_AVAILABILITY = YES_AGGRESSIVE;
				CLANG_WARN_UNREACHABLE_CODE = YES;
				CLANG_WARN__DUPLICATE_METHOD_MATCH = YES;
				COPY_PHASE_STRIP = NO;
				DEBUG_INFORMATION_FORMAT = dwarf;
				ENABLE_STRICT_OBJC_MSGSEND = YES;
				ENABLE_TESTABILITY = YES;
				ENABLE_USER_SCRIPT_SANDBOXING = YES;
				GCC_C_LANGUAGE_STANDARD = gnu17;
				GCC_DYNAMIC_NO_PIC = NO;
				GCC_NO_COMMON_BLOCKS = YES;
				GCC_OPTIMIZATION_LEVEL = 0;
				GCC_PREPROCESSOR_DEFINITIONS = (
					"DEBUG=1",
					"$(inherited)",
				);
				GCC_WARN_64_TO_32_BIT_CONVERSION = YES;
				GCC_WARN_ABOUT_RETURN_TYPE = YES_ERROR;
				GCC_WARN_UNDECLARED_SELECTOR = YES;
				GCC_WARN_UNINITIALIZED_AUTOS = YES_AGGRESSIVE;
				GCC_WARN_UNUSED_FUNCTION = YES;
				GCC_WARN_UNUSED_VARIABLE = YES;
				IPHONEOS_DEPLOYMENT_TARGET = 18.4;
				LOCALIZATION_PREFERS_STRING_CATALOGS = YES;
				MTL_ENABLE_DEBUG_INFO = INCLUDE_SOURCE;
				MTL_FAST_MATH = YES;
				ONLY_ACTIVE_ARCH = YES;
				SDKROOT = iphoneos;
				SWIFT_ACTIVE_COMPILATION_CONDITIONS = "DEBUG $(inherited)";
				SWIFT_OPTIMIZATION_LEVEL = "-Onone";
			};
			name = Debug;
		};
		1BC370A62DA3A3CD0025AAE3 /* Release */ = {
			isa = XCBuildConfiguration;
			buildSettings = {
				ALWAYS_SEARCH_USER_PATHS = NO;
				ASSETCATALOG_COMPILER_GENERATE_SWIFT_ASSET_SYMBOL_EXTENSIONS = YES;
				CLANG_ANALYZER_NONNULL = YES;
				CLANG_ANALYZER_NUMBER_OBJECT_CONVERSION = YES_AGGRESSIVE;
				CLANG_CXX_LANGUAGE_STANDARD = "gnu++20";
				CLANG_ENABLE_MODULES = YES;
				CLANG_ENABLE_OBJC_ARC = YES;
				CLANG_ENABLE_OBJC_WEAK = YES;
				CLANG_WARN_BLOCK_CAPTURE_AUTORELEASING = YES;
				CLANG_WARN_BOOL_CONVERSION = YES;
				CLANG_WARN_COMMA = YES;
				CLANG_WARN_CONSTANT_CONVERSION = YES;
				CLANG_WARN_DEPRECATED_OBJC_IMPLEMENTATIONS = YES;
				CLANG_WARN_DIRECT_OBJC_ISA_USAGE = YES_ERROR;
				CLANG_WARN_DOCUMENTATION_COMMENTS = YES;
				CLANG_WARN_EMPTY_BODY = YES;
				CLANG_WARN_ENUM_CONVERSION = YES;
				CLANG_WARN_INFINITE_RECURSION = YES;
				CLANG_WARN_INT_CONVERSION = YES;
				CLANG_WARN_NON_LITERAL_NULL_CONVERSION = YES;
				CLANG_WARN_OBJC_IMPLICIT_RETAIN_SELF = YES;
				CLANG_WARN_OBJC_LITERAL_CONVERSION = YES;
				CLANG_WARN_OBJC_ROOT_CLASS = YES_ERROR;
				CLANG_WARN_QUOTED_INCLUDE_IN_FRAMEWORK_HEADER = YES;
				CLANG_WARN_RANGE_LOOP_ANALYSIS = YES;
				CLANG_WARN_STRICT_PROTOTYPES = YES;
				CLANG_WARN_SUSPICIOUS_MOVE = YES;
				CLANG_WARN_UNGUARDED_AVAILABILITY = YES_AGGRESSIVE;
				CLANG_WARN_UNREACHABLE_CODE = YES;
				CLANG_WARN__DUPLICATE_METHOD_MATCH = YES;
				COPY_PHASE_STRIP = NO;
				DEBUG_INFORMATION_FORMAT = "dwarf-with-dsym";
				ENABLE_NS_ASSERTIONS = NO;
				ENABLE_STRICT_OBJC_MSGSEND = YES;
				ENABLE_USER_SCRIPT_SANDBOXING = YES;
				GCC_C_LANGUAGE_STANDARD = gnu17;
				GCC_NO_COMMON_BLOCKS = YES;
				GCC_WARN_64_TO_32_BIT_CONVERSION = YES;
				GCC_WARN_ABOUT_RETURN_TYPE = YES_ERROR;
				GCC_WARN_UNDECLARED_SELECTOR = YES;
				GCC_WARN_UNINITIALIZED_AUTOS = YES_AGGRESSIVE;
				GCC_WARN_UNUSED_FUNCTION = YES;
				GCC_WARN_UNUSED_VARIABLE = YES;
				IPHONEOS_DEPLOYMENT_TARGET = 18.4;
				LOCALIZATION_PREFERS_STRING_CATALOGS = YES;
				MTL_ENABLE_DEBUG_INFO = NO;
				MTL_FAST_MATH = YES;
				SDKROOT = iphoneos;
				SWIFT_COMPILATION_MODE = wholemodule;
				VALIDATE_PRODUCT = YES;
			};
			name = Release;
		};
		1BC370A82DA3A3CD0025AAE3 /* Debug */ = {
			isa = XCBuildConfiguration;
			baseConfigurationReference = C1A86661EB144F9401D46F8A /* Pods-RequestDemo.debug.xcconfig */;
			buildSettings = {
				ASSETCATALOG_COMPILER_APPICON_NAME = AppIcon;
				ASSETCATALOG_COMPILER_GLOBAL_ACCENT_COLOR_NAME = AccentColor;
				CODE_SIGN_STYLE = Automatic;
				CURRENT_PROJECT_VERSION = 1;
				ENABLE_PREVIEWS = YES;
				ENABLE_USER_SCRIPT_SANDBOXING = NO;
				GENERATE_INFOPLIST_FILE = YES;
				INFOPLIST_FILE = RequestDemo/Info.plist;
				INFOPLIST_KEY_UIApplicationSceneManifest_Generation = YES;
				INFOPLIST_KEY_UIApplicationSupportsIndirectInputEvents = YES;
				INFOPLIST_KEY_UILaunchScreen_Generation = YES;
				INFOPLIST_KEY_UISupportedInterfaceOrientations_iPad = "UIInterfaceOrientationPortrait UIInterfaceOrientationPortraitUpsideDown UIInterfaceOrientationLandscapeLeft UIInterfaceOrientationLandscapeRight";
				INFOPLIST_KEY_UISupportedInterfaceOrientations_iPhone = "UIInterfaceOrientationPortrait UIInterfaceOrientationLandscapeLeft UIInterfaceOrientationLandscapeRight";
				LD_RUNPATH_SEARCH_PATHS = (
					"$(inherited)",
					"@executable_path/Frameworks",
				);
				MARKETING_VERSION = 1.0;
				PRODUCT_BUNDLE_IDENTIFIER = com.mexico.universal;
				PRODUCT_NAME = "$(TARGET_NAME)";
				SWIFT_EMIT_LOC_STRINGS = YES;
				SWIFT_VERSION = 5.0;
				TARGETED_DEVICE_FAMILY = "1,2";
			};
			name = Debug;
		};
		1BC370A92DA3A3CD0025AAE3 /* Release */ = {
			isa = XCBuildConfiguration;
			baseConfigurationReference = 17EBA13AC8B48F4A34AD83DC /* Pods-RequestDemo.release.xcconfig */;
			buildSettings = {
				ASSETCATALOG_COMPILER_APPICON_NAME = AppIcon;
				ASSETCATALOG_COMPILER_GLOBAL_ACCENT_COLOR_NAME = AccentColor;
				CODE_SIGN_STYLE = Automatic;
				CURRENT_PROJECT_VERSION = 1;
				ENABLE_PREVIEWS = YES;
				ENABLE_USER_SCRIPT_SANDBOXING = NO;
				GENERATE_INFOPLIST_FILE = YES;
				INFOPLIST_FILE = RequestDemo/Info.plist;
				INFOPLIST_KEY_UIApplicationSceneManifest_Generation = YES;
				INFOPLIST_KEY_UIApplicationSupportsIndirectInputEvents = YES;
				INFOPLIST_KEY_UILaunchScreen_Generation = YES;
				INFOPLIST_KEY_UISupportedInterfaceOrientations_iPad = "UIInterfaceOrientationPortrait UIInterfaceOrientationPortraitUpsideDown UIInterfaceOrientationLandscapeLeft UIInterfaceOrientationLandscapeRight";
				INFOPLIST_KEY_UISupportedInterfaceOrientations_iPhone = "UIInterfaceOrientationPortrait UIInterfaceOrientationLandscapeLeft UIInterfaceOrientationLandscapeRight";
				LD_RUNPATH_SEARCH_PATHS = (
					"$(inherited)",
					"@executable_path/Frameworks",
				);
				MARKETING_VERSION = 1.0;
				PRODUCT_BUNDLE_IDENTIFIER = com.mexico.universal;
				PRODUCT_NAME = "$(TARGET_NAME)";
				SWIFT_EMIT_LOC_STRINGS = YES;
				SWIFT_VERSION = 5.0;
				TARGETED_DEVICE_FAMILY = "1,2";
			};
			name = Release;
		};
		1BC370AB2DA3A3CD0025AAE3 /* Debug */ = {
			isa = XCBuildConfiguration;
			buildSettings = {
				BUNDLE_LOADER = "$(TEST_HOST)";
				CODE_SIGN_STYLE = Automatic;
				CURRENT_PROJECT_VERSION = 1;
				GENERATE_INFOPLIST_FILE = YES;
				IPHONEOS_DEPLOYMENT_TARGET = 18.4;
				MARKETING_VERSION = 1.0;
				PRODUCT_BUNDLE_IDENTIFIER = com.mexico.universal.RequestDemoTests;
				PRODUCT_NAME = "$(TARGET_NAME)";
				SWIFT_EMIT_LOC_STRINGS = NO;
				SWIFT_VERSION = 5.0;
				TARGETED_DEVICE_FAMILY = "1,2";
				TEST_HOST = "$(BUILT_PRODUCTS_DIR)/RequestDemo.app/$(BUNDLE_EXECUTABLE_FOLDER_PATH)/RequestDemo";
			};
			name = Debug;
		};
		1BC370AC2DA3A3CD0025AAE3 /* Release */ = {
			isa = XCBuildConfiguration;
			buildSettings = {
				BUNDLE_LOADER = "$(TEST_HOST)";
				CODE_SIGN_STYLE = Automatic;
				CURRENT_PROJECT_VERSION = 1;
				GENERATE_INFOPLIST_FILE = YES;
				IPHONEOS_DEPLOYMENT_TARGET = 18.4;
				MARKETING_VERSION = 1.0;
				PRODUCT_BUNDLE_IDENTIFIER = com.mexico.universal.RequestDemoTests;
				PRODUCT_NAME = "$(TARGET_NAME)";
				SWIFT_EMIT_LOC_STRINGS = NO;
				SWIFT_VERSION = 5.0;
				TARGETED_DEVICE_FAMILY = "1,2";
				TEST_HOST = "$(BUILT_PRODUCTS_DIR)/RequestDemo.app/$(BUNDLE_EXECUTABLE_FOLDER_PATH)/RequestDemo";
			};
			name = Release;
		};
		1BC370AE2DA3A3CD0025AAE3 /* Debug */ = {
			isa = XCBuildConfiguration;
			buildSettings = {
				CODE_SIGN_STYLE = Automatic;
				CURRENT_PROJECT_VERSION = 1;
				GENERATE_INFOPLIST_FILE = YES;
				MARKETING_VERSION = 1.0;
				PRODUCT_BUNDLE_IDENTIFIER = com.mexico.universal.RequestDemoUITests;
				PRODUCT_NAME = "$(TARGET_NAME)";
				SWIFT_EMIT_LOC_STRINGS = NO;
				SWIFT_VERSION = 5.0;
				TARGETED_DEVICE_FAMILY = "1,2";
				TEST_TARGET_NAME = RequestDemo;
			};
			name = Debug;
		};
		1BC370AF2DA3A3CD0025AAE3 /* Release */ = {
			isa = XCBuildConfiguration;
			buildSettings = {
				CODE_SIGN_STYLE = Automatic;
				CURRENT_PROJECT_VERSION = 1;
				GENERATE_INFOPLIST_FILE = YES;
				MARKETING_VERSION = 1.0;
				PRODUCT_BUNDLE_IDENTIFIER = com.mexico.universal.RequestDemoUITests;
				PRODUCT_NAME = "$(TARGET_NAME)";
				SWIFT_EMIT_LOC_STRINGS = NO;
				SWIFT_VERSION = 5.0;
				TARGETED_DEVICE_FAMILY = "1,2";
				TEST_TARGET_NAME = RequestDemo;
			};
			name = Release;
		};
/* End XCBuildConfiguration section */

/* Begin XCConfigurationList section */
		1BC370812DA3A3CB0025AAE3 /* Build configuration list for PBXProject "RequestDemo" */ = {
			isa = XCConfigurationList;
			buildConfigurations = (
				1BC370A52DA3A3CD0025AAE3 /* Debug */,
				1BC370A62DA3A3CD0025AAE3 /* Release */,
			);
			defaultConfigurationIsVisible = 0;
			defaultConfigurationName = Release;
		};
		1BC370A72DA3A3CD0025AAE3 /* Build configuration list for PBXNativeTarget "RequestDemo" */ = {
			isa = XCConfigurationList;
			buildConfigurations = (
				1BC370A82DA3A3CD0025AAE3 /* Debug */,
				1BC370A92DA3A3CD0025AAE3 /* Release */,
			);
			defaultConfigurationIsVisible = 0;
			defaultConfigurationName = Release;
		};
		1BC370AA2DA3A3CD0025AAE3 /* Build configuration list for PBXNativeTarget "RequestDemoTests" */ = {
			isa = XCConfigurationList;
			buildConfigurations = (
				1BC370AB2DA3A3CD0025AAE3 /* Debug */,
				1BC370AC2DA3A3CD0025AAE3 /* Release */,
			);
			defaultConfigurationIsVisible = 0;
			defaultConfigurationName = Release;
		};
		1BC370AD2DA3A3CD0025AAE3 /* Build configuration list for PBXNativeTarget "RequestDemoUITests" */ = {
			isa = XCConfigurationList;
			buildConfigurations = (
				1BC370AE2DA3A3CD0025AAE3 /* Debug */,
				1BC370AF2DA3A3CD0025AAE3 /* Release */,
			);
			defaultConfigurationIsVisible = 0;
			defaultConfigurationName = Release;
		};
/* End XCConfigurationList section */
	};
	rootObject = 1BC3707E2DA3A3CB0025AAE3 /* Project object */;
}
